
Microsoft Visual Studio Solution File, Format Version 12.00
# Visual Studio 15
VisualStudioVersion = 15.0.27703.2047
MinimumVisualStudioVersion = 10.0.40219.1
Project("{FAE04EC0-301F-11D3-BF4B-00C04F79EFBC}") = "Trademarks", "Trademarks\Trademarks.csproj", "{10C4A625-710E-42C8-B950-BD09FB5800F6}"
EndProject
Project("{FAE04EC0-301F-11D3-BF4B-00C04F79EFBC}") = "TMAlerts", "TMAlerts\TMAlerts.csproj", "{D20B4D07-078A-44A5-A640-4F901A212B2E}"
EndProject
Project("{FAE04EC0-301F-11D3-BF4B-00C04F79EFBC}") = "Encryptor", "Encryptor\Encryptor.csproj", "{682EF4BE-55BD-41F5-9EE0-73C4B5EEB068}"
EndProject
Global
	GlobalSection(SolutionConfigurationPlatforms) = preSolution
		Debug|Any CPU = Debug|Any CPU
		Release|Any CPU = Release|Any CPU
	EndGlobalSection
	GlobalSection(ProjectConfigurationPlatforms) = postSolution
		{10C4A625-710E-42C8-B950-BD09FB5800F6}.Debug|Any CPU.ActiveCfg = Debug|Any CPU
		{10C4A625-710E-42C8-B950-BD09FB5800F6}.Debug|Any CPU.Build.0 = Debug|Any CPU
		{10C4A625-710E-42C8-B950-BD09FB5800F6}.Release|Any CPU.ActiveCfg = Release|Any CPU
		{10C4A625-710E-42C8-B950-BD09FB5800F6}.Release|Any CPU.Build.0 = Release|Any CPU
		{D20B4D07-078A-44A5-A640-4F901A212B2E}.Debug|Any CPU.ActiveCfg = Debug|Any CPU
		{D20B4D07-078A-44A5-A640-4F901A212B2E}.Debug|Any CPU.Build.0 = Debug|Any CPU
		{D20B4D07-078A-44A5-A640-4F901A212B2E}.Release|Any CPU.ActiveCfg = Release|Any CPU
		{D20B4D07-078A-44A5-A640-4F901A212B2E}.Release|Any CPU.Build.0 = Release|Any CPU
		{682EF4BE-55BD-41F5-9EE0-73C4B5EEB068}.Debug|Any CPU.ActiveCfg = Debug|Any CPU
		{682EF4BE-55BD-41F5-9EE0-73C4B5EEB068}.Debug|Any CPU.Build.0 = Debug|Any CPU
		{682EF4BE-55BD-41F5-9EE0-73C4B5EEB068}.Release|Any CPU.ActiveCfg = Release|Any CPU
		{682EF4BE-55BD-41F5-9EE0-73C4B5EEB068}.Release|Any CPU.Build.0 = Release|Any CPU
	EndGlobalSection
	GlobalSection(SolutionProperties) = preSolution
		HideSolutionNode = FALSE
	EndGlobalSection
	GlobalSection(ExtensibilityGlobals) = postSolution
		SolutionGuid = {A348D76D-0A74-4379-B7CD-3F21C42D46FA}
	EndGlobalSection
EndGlobal
